// !$*UTF8*$!
{
	archiveVersion = 1;
	classes = {
	};
	objectVersion = 50;
	objects = {

/* Begin PBXBuildFile section */
		C08EBE9B21608A6C00B584A0 /* AppDelegate.swift in Sources */ = {isa = PBXBuildFile; fileRef = C08EBE9A21608A6C00B584A0 /* AppDelegate.swift */; };
		C08EBE9D21608A6C00B584A0 /* ViewController.swift in Sources */ = {isa = PBXBuildFile; fileRef = C08EBE9C21608A6C00B584A0 /* ViewController.swift */; };
		C08EBEA021608A6C00B584A0 /* Main.storyboard in Resources */ = {isa = PBXBuildFile; fileRef = C08EBE9E21608A6C00B584A0 /* Main.storyboard */; };
		C08EBEA221608A6D00B584A0 /* Assets.xcassets in Resources */ = {isa = PBXBuildFile; fileRef = C08EBEA121608A6D00B584A0 /* Assets.xcassets */; };
		C08EBEA521608A6D00B584A0 /* LaunchScreen.storyboard in Resources */ = {isa = PBXBuildFile; fileRef = C08EBEA321608A6D00B584A0 /* LaunchScreen.storyboard */; };
		C08EBEAD21608B6200B584A0 /* DetailsViewController.swift in Sources */ = {isa = PBXBuildFile; fileRef = C08EBEAC21608B6200B584A0 /* DetailsViewController.swift */; };
		C08EBEAF21608BC700B584A0 /* CustomPresentationController.swift in Sources */ = {isa = PBXBuildFile; fileRef = C08EBEAE21608BC700B584A0 /* CustomPresentationController.swift */; };
		C08EBEB121608F9800B584A0 /* CustomDismissAnimator.swift in Sources */ = {isa = PBXBuildFile; fileRef = C08EBEB021608F9800B584A0 /* CustomDismissAnimator.swift */; };
		C08EBEB3216091E500B584A0 /* CustomDismissInteractor.swift in Sources */ = {isa = PBXBuildFile; fileRef = C08EBEB2216091E500B584A0 /* CustomDismissInteractor.swift */; };
/* End PBXBuildFile section */

/* Begin PBXFileReference section */
		C08EBE9721608A6C00B584A0 /* InteractiveDismissDemo.app */ = {isa = PBXFileReference; explicitFileType = wrapper.application; includeInIndex = 0; path = InteractiveDismissDemo.app; sourceTree = BUILT_PRODUCTS_DIR; };
		C08EBE9A21608A6C00B584A0 /* AppDelegate.swift */ = {isa = PBXFileReference; lastKnownFileType = sourcecode.swift; path = AppDelegate.swift; sourceTree = "<group>"; };
		C08EBE9C21608A6C00B584A0 /* ViewController.swift */ = {isa = PBXFileReference; lastKnownFileType = sourcecode.swift; path = ViewController.swift; sourceTree = "<group>"; };
		C08EBE9F21608A6C00B584A0 /* Base */ = {isa = PBXFileReference; lastKnownFileType = file.storyboard; name = Base; path = Base.lproj/Main.storyboard; sourceTree = "<group>"; };
		C08EBEA121608A6D00B584A0 /* Assets.xcassets */ = {isa = PBXFileReference; lastKnownFileType = folder.assetcatalog; path = Assets.xcassets; sourceTree = "<group>"; };
		C08EBEA421608A6D00B584A0 /* Base */ = {isa = PBXFileReference; lastKnownFileType = file.storyboard; name = Base; path = Base.lproj/LaunchScreen.storyboard; sourceTree = "<group>"; };
		C08EBEA621608A6D00B584A0 /* Info.plist */ = {isa = PBXFileReference; lastKnownFileType = text.plist.xml; path = Info.plist; sourceTree = "<group>"; };
		C08EBEAC21608B6200B584A0 /* DetailsViewController.swift */ = {isa = PBXFileReference; lastKnownFileType = sourcecode.swift; path = DetailsViewController.swift; sourceTree = "<group>"; };
		C08EBEAE21608BC700B584A0 /* CustomPresentationController.swift */ = {isa = PBXFileReference; lastKnownFileType = sourcecode.swift; path = CustomPresentationController.swift; sourceTree = "<group>"; };
		C08EBEB021608F9800B584A0 /* CustomDismissAnimator.swift */ = {isa = PBXFileReference; lastKnownFileType = sourcecode.swift; path = CustomDismissAnimator.swift; sourceTree = "<group>"; };
		C08EBEB2216091E500B584A0 /* CustomDismissInteractor.swift */ = {isa = PBXFileReference; lastKnownFileType = sourcecode.swift; path = CustomDismissInteractor.swift; sourceTree = "<group>"; };
/* End PBXFileReference section */

/* Begin PBXFrameworksBuildPhase section */
		C08EBE9421608A6C00B584A0 /* Frameworks */ = {
			isa = PBXFrameworksBuildPhase;
			buildActionMask = 2147483647;
			files = (
			);
			runOnlyForDeploymentPostprocessing = 0;
		};
/* End PBXFrameworksBuildPhase section */

/* Begin PBXGroup section */
		C08EBE8E21608A6C00B584A0 = {
			isa = PBXGroup;
			children = (
				C08EBE9921608A6C00B584A0 /* InteractiveDismissDemo */,
				C08EBE9821608A6C00B584A0 /* Products */,
			);
			sourceTree = "<group>";
		};
		C08EBE9821608A6C00B584A0 /* Products */ = {
			isa = PBXGroup;
			children = (
				C08EBE9721608A6C00B584A0 /* InteractiveDismissDemo.app */,
			);
			name = Products;
			sourceTree = "<group>";
		};
		C08EBE9921608A6C00B584A0 /* InteractiveDismissDemo */ = {
			isa = PBXGroup;
			children = (
				C08EBE9A21608A6C00B584A0 /* AppDelegate.swift */,
				C08EBE9C21608A6C00B584A0 /* ViewController.swift */,
				C08EBE9E21608A6C00B584A0 /* Main.storyboard */,
				C08EBEA121608A6D00B584A0 /* Assets.xcassets */,
				C08EBEA321608A6D00B584A0 /* LaunchScreen.storyboard */,
				C08EBEA621608A6D00B584A0 /* Info.plist */,
				C08EBEAC21608B6200B584A0 /* DetailsViewController.swift */,
				C08EBEAE21608BC700B584A0 /* CustomPresentationController.swift */,
				C08EBEB021608F9800B584A0 /* CustomDismissAnimator.swift */,
				C08EBEB2216091E500B584A0 /* CustomDismissInteractor.swift */,
			);
			path = InteractiveDismissDemo;
			sourceTree = "<group>";
		};
/* End PBXGroup section */

/* Begin PBXNativeTarget section */
		C08EBE9621608A6C00B584A0 /* InteractiveDismissDemo */ = {
			isa = PBXNativeTarget;
			buildConfigurationList = C08EBEA921608A6D00B584A0 /* Build configuration list for PBXNativeTarget "InteractiveDismissDemo" */;
			buildPhases = (
				C08EBE9321608A6C00B584A0 /* Sources */,
				C08EBE9421608A6C00B584A0 /* Frameworks */,
				C08EBE9521608A6C00B584A0 /* Resources */,
			);
			buildRules = (
			);
			dependencies = (
			);
			name = InteractiveDismissDemo;
			productName = InteractiveDismissDemo;
			productReference = C08EBE9721608A6C00B584A0 /* InteractiveDismissDemo.app */;
			productType = "com.apple.product-type.application";
		};
/* End PBXNativeTarget section */

/* Begin PBXProject section */
		C08EBE8F21608A6C00B584A0 /* Project object */ = {
			isa = PBXProject;
			attributes = {
				LastSwiftUpdateCheck = 1000;
				LastUpgradeCheck = 1000;
				ORGANIZATIONNAME = your3i;
				TargetAttributes = {
					C08EBE9621608A6C00B584A0 = {
						CreatedOnToolsVersion = 10.0;
					};
				};
			};
			buildConfigurationList = C08EBE9221608A6C00B584A0 /* Build configuration list for PBXProject "InteractiveDismissDemo" */;
			compatibilityVersion = "Xcode 9.3";
			developmentRegion = en;
			hasScannedForEncodings = 0;
			knownRegions = (
				en,
				Base,
			);
			mainGroup = C08EBE8E21608A6C00B584A0;
			productRefGroup = C08EBE9821608A6C00B584A0 /* Products */;
			projectDirPath = "";
			projectRoot = "";
			targets = (
				C08EBE9621608A6C00B584A0 /* InteractiveDismissDemo */,
			);
		};
/* End PBXProject section */

/* Begin PBXResourcesBuildPhase section */
		C08EBE9521608A6C00B584A0 /* Resources */ = {
			isa = PBXResourcesBuildPhase;
			buildActionMask = 2147483647;
			files = (
				C08EBEA521608A6D00B584A0 /* LaunchScreen.storyboard in Resources */,
				C08EBEA221608A6D00B584A0 /* Assets.xcassets in Resources */,
				C08EBEA021608A6C00B584A0 /* Main.storyboard in Resources */,
			);
			runOnlyForDeploymentPostprocessing = 0;
		};
/* End PBXResourcesBuildPhase section */

/* Begin PBXSourcesBuildPhase section */
		C08EBE9321608A6C00B584A0 /* Sources */ = {
			isa = PBXSourcesBuildPhase;
			buildActionMask = 2147483647;
			files = (
				C08EBEAF21608BC700B584A0 /* CustomPresentationController.swift in Sources */,
				C08EBEB121608F9800B584A0 /* CustomDismissAnimator.swift in Sources */,
				C08EBE9D21608A6C00B584A0 /* ViewController.swift in Sources */,
				C08EBE9B21608A6C00B584A0 /* AppDelegate.swift in Sources */,
				C08EBEB3216091E500B584A0 /* CustomDismissInteractor.swift in Sources */,
				C08EBEAD21608B6200B584A0 /* DetailsViewController.swift in Sources */,
			);
			runOnlyForDeploymentPostprocessing = 0;
		};
/* End PBXSourcesBuildPhase section */

/* Begin PBXVariantGroup section */
		C08EBE9E21608A6C00B584A0 /* Main.storyboard */ = {
			isa = PBXVariantGroup;
			children = (
				C08EBE9F21608A6C00B584A0 /* Base */,
			);
			name = Main.storyboard;
			sourceTree = "<group>";
		};
		C08EBEA321608A6D00B584A0 /* LaunchScreen.storyboard */ = {
			isa = PBXVariantGroup;
			children = (
				C08EBEA421608A6D00B584A0 /* Base */,
			);
			name = LaunchScreen.storyboard;
			sourceTree = "<group>";
		};
/* End PBXVariantGroup section */

/* Begin XCBuildConfiguration section */
		C08EBEA721608A6D00B584A0 /* Debug */ = {
			isa = XCBuildConfiguration;
			buildSettings = {
				ALWAYS_SEARCH_USER_PATHS = NO;
				CLANG_ANALYZER_NONNULL = YES;
				CLANG_ANALYZER_NUMBER_OBJECT_CONVERSION = YES_AGGRESSIVE;
				CLANG_CXX_LANGUAGE_STANDARD = "gnu++14";
				CLANG_CXX_LIBRARY = "libc++";
				CLANG_ENABLE_MODULES = YES;
				CLANG_ENABLE_OBJC_ARC = YES;
				CLANG_ENABLE_OBJC_WEAK = YES;
				CLANG_WARN_BLOCK_CAPTURE_AUTORELEASING = YES;
				CLANG_WARN_BOOL_CONVERSION = YES;
				CLANG_WARN_COMMA = YES;
				CLANG_WARN_CONSTANT_CONVERSION = YES;
				CLANG_WARN_DEPRECATED_OBJC_IMPLEMENTATIONS = YES;
				CLANG_WARN_DIRECT_OBJC_ISA_USAGE = YES_ERROR;
				CLANG_WARN_DOCUMENTATION_COMMENTS = YES;
				CLANG_WARN_EMPTY_BODY = YES;
				CLANG_WARN_ENUM_CONVERSION = YES;
				CLANG_WARN_INFINITE_RECURSION = YES;
				CLANG_WARN_INT_CONVERSION = YES;
				CLANG_WARN_NON_LITERAL_NULL_CONVERSION = YES;
				CLANG_WARN_OBJC_IMPLICIT_RETAIN_SELF = YES;
				CLANG_WARN_OBJC_LITERAL_CONVERSION = YES;
				CLANG_WARN_OBJC_ROOT_CLASS = YES_ERROR;
				CLANG_WARN_RANGE_LOOP_ANALYSIS = YES;
				CLANG_WARN_STRICT_PROTOTYPES = YES;
				CLANG_WARN_SUSPICIOUS_MOVE = YES;
				CLANG_WARN_UNGUARDED_AVAILABILITY = YES_AGGRESSIVE;
				CLANG_WARN_UNREACHABLE_CODE = YES;
				CLANG_WARN__DUPLICATE_METHOD_MATCH = YES;
				CODE_SIGN_IDENTITY = "iPhone Developer";
				COPY_PHASE_STRIP = NO;
				DEBUG_INFORMATION_FORMAT = dwarf;
				ENABLE_STRICT_OBJC_MSGSEND = YES;
				ENABLE_TESTABILITY = YES;
				GCC_C_LANGUAGE_STANDARD = gnu11;
				GCC_DYNAMIC_NO_PIC = NO;
				GCC_NO_COMMON_BLOCKS = YES;
				GCC_OPTIMIZATION_LEVEL = 0;
				GCC_PREPROCESSOR_DEFINITIONS = (
					"DEBUG=1",
					"$(inherited)",
				);
				GCC_WARN_64_TO_32_BIT_CONVERSION = YES;
				GCC_WARN_ABOUT_RETURN_TYPE = YES_ERROR;
				GCC_WARN_UNDECLARED_SELECTOR = YES;
				GCC_WARN_UNINITIALIZED_AUTOS = YES_AGGRESSIVE;
				GCC_WARN_UNUSED_FUNCTION = YES;
				GCC_WARN_UNUSED_VARIABLE = YES;
				IPHONEOS_DEPLOYMENT_TARGET = 12.0;
				MTL_ENABLE_DEBUG_INFO = INCLUDE_SOURCE;
				MTL_FAST_MATH = YES;
				ONLY_ACTIVE_ARCH = YES;
				SDKROOT = iphoneos;
				SWIFT_ACTIVE_COMPILATION_CONDITIONS = DEBUG;
				SWIFT_OPTIMIZATION_LEVEL = "-Onone";
			};
			name = Debug;
		};
		C08EBEA821608A6D00B584A0 /* Release */ = {
			isa = XCBuildConfiguration;
			buildSettings = {
				ALWAYS_SEARCH_USER_PATHS = NO;
				CLANG_ANALYZER_NONNULL = YES;
				CLANG_ANALYZER_NUMBER_OBJECT_CONVERSION = YES_AGGRESSIVE;
				CLANG_CXX_LANGUAGE_STANDARD = "gnu++14";
				CLANG_CXX_LIBRARY = "libc++";
				CLANG_ENABLE_MODULES = YES;
				CLANG_ENABLE_OBJC_ARC = YES;
				CLANG_ENABLE_OBJC_WEAK = YES;
				CLANG_WARN_BLOCK_CAPTURE_AUTORELEASING = YES;
				CLANG_WARN_BOOL_CONVERSION = YES;
				CLANG_WARN_COMMA = YES;
				CLANG_WARN_CONSTANT_CONVERSION = YES;
				CLANG_WARN_DEPRECATED_OBJC_IMPLEMENTATIONS = YES;
				CLANG_WARN_DIRECT_OBJC_ISA_USAGE = YES_ERROR;
				CLANG_WARN_DOCUMENTATION_COMMENTS = YES;
				CLANG_WARN_EMPTY_BODY = YES;
				CLANG_WARN_ENUM_CONVERSION = YES;
				CLANG_WARN_INFINITE_RECURSION = YES;
				CLANG_WARN_INT_CONVERSION = YES;
				CLANG_WARN_NON_LITERAL_NULL_CONVERSION = YES;
				CLANG_WARN_OBJC_IMPLICIT_RETAIN_SELF = YES;
				CLANG_WARN_OBJC_LITERAL_CONVERSION = YES;
				CLANG_WARN_OBJC_ROOT_CLASS = YES_ERROR;
				CLANG_WARN_RANGE_LOOP_ANALYSIS = YES;
				CLANG_WARN_STRICT_PROTOTYPES = YES;
				CLANG_WARN_SUSPICIOUS_MOVE = YES;
				CLANG_WARN_UNGUARDED_AVAILABILITY = YES_AGGRESSIVE;
				CLANG_WARN_UNREACHABLE_CODE = YES;
				CLANG_WARN__DUPLICATE_METHOD_MATCH = YES;
				CODE_SIGN_IDENTITY = "iPhone Developer";
				COPY_PHASE_STRIP = NO;
				DEBUG_INFORMATION_FORMAT = "dwarf-with-dsym";
				ENABLE_NS_ASSERTIONS = NO;
				ENABLE_STRICT_OBJC_MSGSEND = YES;
				GCC_C_LANGUAGE_STANDARD = gnu11;
				GCC_NO_COMMON_BLOCKS = YES;
				GCC_WARN_64_TO_32_BIT_CONVERSION = YES;
				GCC_WARN_ABOUT_RETURN_TYPE = YES_ERROR;
				GCC_WARN_UNDECLARED_SELECTOR = YES;
				GCC_WARN_UNINITIALIZED_AUTOS = YES_AGGRESSIVE;
				GCC_WARN_UNUSED_FUNCTION = YES;
				GCC_WARN_UNUSED_VARIABLE = YES;
				IPHONEOS_DEPLOYMENT_TARGET = 12.0;
				MTL_ENABLE_DEBUG_INFO = NO;
				MTL_FAST_MATH = YES;
				SDKROOT = iphoneos;
				SWIFT_COMPILATION_MODE = wholemodule;
				SWIFT_OPTIMIZATION_LEVEL = "-O";
				VALIDATE_PRODUCT = YES;
			};
			name = Release;
		};
		C08EBEAA21608A6D00B584A0 /* Debug */ = {
			isa = XCBuildConfiguration;
			buildSettings = {
				ASSETCATALOG_COMPILER_APPICON_NAME = AppIcon;
				CODE_SIGN_STYLE = Automatic;
				DEVELOPMENT_TEAM = EJABU3NK3W;
				INFOPLIST_FILE = InteractiveDismissDemo/Info.plist;
				LD_RUNPATH_SEARCH_PATHS = (
					"$(inherited)",
					"@executable_path/Frameworks",
				);
				PRODUCT_BUNDLE_IDENTIFIER = com.your3i.InteractiveDismissDemo;
				PRODUCT_NAME = "$(TARGET_NAME)";
				SWIFT_VERSION = 4.2;
				TARGETED_DEVICE_FAMILY = "1,2";
			};
			name = Debug;
		};
		C08EBEAB21608A6D00B584A0 /* Release */ = {
			isa = XCBuildConfiguration;
			buildSettings = {
				ASSETCATALOG_COMPILER_APPICON_NAME = AppIcon;
				CODE_SIGN_STYLE = Automatic;
				DEVELOPMENT_TEAM = EJABU3NK3W;
				INFOPLIST_FILE = InteractiveDismissDemo/Info.plist;
				LD_RUNPATH_SEARCH_PATHS = (
					"$(inherited)",
					"@executable_path/Frameworks",
				);
				PRODUCT_BUNDLE_IDENTIFIER = com.your3i.InteractiveDismissDemo;
				PRODUCT_NAME = "$(TARGET_NAME)";
				SWIFT_VERSION = 4.2;
				TARGETED_DEVICE_FAMILY = "1,2";
			};
			name = Release;
		};
/* End XCBuildConfiguration section */

/* Begin XCConfigurationList section */
		C08EBE9221608A6C00B584A0 /* Build configuration list for PBXProject "InteractiveDismissDemo" */ = {
			isa = XCConfigurationList;
			buildConfigurations = (
				C08EBEA721608A6D00B584A0 /* Debug */,
				C08EBEA821608A6D00B584A0 /* Release */,
			);
			defaultConfigurationIsVisible = 0;
			defaultConfigurationName = Release;
		};
		C08EBEA921608A6D00B584A0 /* Build configuration list for PBXNativeTarget "InteractiveDismissDemo" */ = {
			isa = XCConfigurationList;
			buildConfigurations = (
				C08EBEAA21608A6D00B584A0 /* Debug */,
				C08EBEAB21608A6D00B584A0 /* Release */,
			);
			defaultConfigurationIsVisible = 0;
			defaultConfigurationName = Release;
		};
/* End XCConfigurationList section */
	};
	rootObject = C08EBE8F21608A6C00B584A0 /* Project object */;
}
